
Microsoft Visual Studio Solution File, Format Version 12.00
# Visual Studio Version 17
VisualStudioVersion = 17.2.32526.322
MinimumVisualStudioVersion = 10.0.40219.1
Project("{9A19103F-16F7-4668-BE54-9A1E7A4F7556}") = "Digibank", "Digibank\Digibank.csproj", "{918D4134-86C6-4F42-B9EC-2F3F105AC2B7}"
EndProject
Global
	GlobalSection(SolutionConfigurationPlatforms) = preSolution
		Debug|Any CPU = Debug|Any CPU
		Release|Any CPU = Release|Any CPU
	EndGlobalSection
	GlobalSection(ProjectConfigurationPlatforms) = postSolution
		{918D4134-86C6-4F42-B9EC-2F3F105AC2B7}.Debug|Any CPU.ActiveCfg = Debug|Any CPU
		{918D4134-86C6-4F42-B9EC-2F3F105AC2B7}.Debug|Any CPU.Build.0 = Debug|Any CPU
		{918D4134-86C6-4F42-B9EC-2F3F105AC2B7}.Release|Any CPU.ActiveCfg = Release|Any CPU
		{918D4134-86C6-4F42-B9EC-2F3F105AC2B7}.Release|Any CPU.Build.0 = Release|Any CPU
	EndGlobalSection
	GlobalSection(SolutionProperties) = preSolution
		HideSolutionNode = FALSE
	EndGlobalSection
	GlobalSection(ExtensibilityGlobals) = postSolution
		SolutionGuid = {D2703E84-C78E-414E-AFEC-E693F4FD473C}
	EndGlobalSection
EndGlobal
