
Microsoft Visual Studio Solution File, Format Version 12.00
# Visual Studio Version 17
VisualStudioVersion = 17.1.32414.318
MinimumVisualStudioVersion = 10.0.40219.1
Project("{FAE04EC0-301F-11D3-BF4B-00C04F79EFBC}") = "Exerc Class interfaces", "Exerc Class interfaces\Exerc Class interfaces.csproj", "{F11C135B-FAFA-4694-8E2B-7BE934DE1C0F}"
EndProject
Global
	GlobalSection(SolutionConfigurationPlatforms) = preSolution
		Debug|Any CPU = Debug|Any CPU
		Release|Any CPU = Release|Any CPU
	EndGlobalSection
	GlobalSection(ProjectConfigurationPlatforms) = postSolution
		{F11C135B-FAFA-4694-8E2B-7BE934DE1C0F}.Debug|Any CPU.ActiveCfg = Debug|Any CPU
		{F11C135B-FAFA-4694-8E2B-7BE934DE1C0F}.Debug|Any CPU.Build.0 = Debug|Any CPU
		{F11C135B-FAFA-4694-8E2B-7BE934DE1C0F}.Release|Any CPU.ActiveCfg = Release|Any CPU
		{F11C135B-FAFA-4694-8E2B-7BE934DE1C0F}.Release|Any CPU.Build.0 = Release|Any CPU
	EndGlobalSection
	GlobalSection(SolutionProperties) = preSolution
		HideSolutionNode = FALSE
	EndGlobalSection
	GlobalSection(ExtensibilityGlobals) = postSolution
		SolutionGuid = {DE4C0B7B-DE99-4D8E-816A-B52C52D5E7FE}
	EndGlobalSection
EndGlobal
